{
    "_meta": {
        "hash": {
            "sha256": "030c44a152e943223fefd779d49e0633f1e382933c00e965cc20ce9b3080c563"
        },
        "pipfile-spec": 6,
        "requires": {
            "python_version": "3.9"
        },
        "sources": [
            {
                "name": "pypi",
                "url": "https://pypi.org/simple",
                "verify_ssl": true
            }
        ]
    },
    "default": {
        "filetype": {
            "hashes": [
                "sha256:77df14879b73fd9711b8bd4f465dadf2ecdafff0eac3b22c0bdb0ccba68db316",
                "sha256:eb974519c5dbbd678a9fbfb5e2616105c6768ee9c01ce4a4ecaefc141e50d5e5"
            ],
            "index": "pypi",
            "version": "==1.0.8"
        },
        "jsonlines": {
            "hashes": [
                "sha256:6fdd03104c9a421a1ba587a121aaac743bf02d8f87fa9cdaa3b852249a241fe8",
                "sha256:bfb043d4e25fd894dca67b1f2adf014e493cb65d0f18b3a74a98bfcd97c3d983"
            ],
            "index": "pypi",
            "version": "==2.0.0"
        },
        "natsort": {
            "hashes": [
                "sha256:00c603a42365830c4722a2eb7663a25919551217ec09a243d3399fa8dd4ac403",
                "sha256:d0f4fc06ca163fa4a5ef638d9bf111c67f65eedcc7920f98dec08e489045b67e"
            ],
            "index": "pypi",
            "version": "==7.1.1"
        },
        "tinytag": {
            "hashes": [
                "sha256:019960aff4002c90dc32ca188db3ae00dde0645338712c6b37a17b2ebd9816fb"
            ],
            "index": "pypi",
            "version": "==1.6.0"
        }
    },
    "develop": {}
}
